
Microsoft Visual Studio Solution File, Format Version 12.00
# Visual Studio 14
VisualStudioVersion = 14.0.25420.1
MinimumVisualStudioVersion = 10.0.40219.1
Project("{FAE04EC0-301F-11D3-BF4B-00C04F79EFBC}") = "smap", "smap\smap.csproj", "{A85027DD-CB5B-4DB1-AA51-100BC35670DC}"
EndProject
Project("{FAE04EC0-301F-11D3-BF4B-00C04F79EFBC}") = "smap.lib", "smap.lib\smap.lib.csproj", "{DA84EC48-4FA4-48B0-B995-F09C9B1D078B}"
EndProject
Project("{FAE04EC0-301F-11D3-BF4B-00C04F79EFBC}") = "SuperLogger", "SuperLogger\SuperLogger.csproj", "{53C3D2BE-1EB1-4832-9E9A-5CEA5C03F79D}"
EndProject
Global
	GlobalSection(SolutionConfigurationPlatforms) = preSolution
		Debug|Any CPU = Debug|Any CPU
		Release|Any CPU = Release|Any CPU
	EndGlobalSection
	GlobalSection(ProjectConfigurationPlatforms) = postSolution
		{A85027DD-CB5B-4DB1-AA51-100BC35670DC}.Debug|Any CPU.ActiveCfg = Debug|Any CPU
		{A85027DD-CB5B-4DB1-AA51-100BC35670DC}.Debug|Any CPU.Build.0 = Debug|Any CPU
		{A85027DD-CB5B-4DB1-AA51-100BC35670DC}.Release|Any CPU.ActiveCfg = Release|Any CPU
		{A85027DD-CB5B-4DB1-AA51-100BC35670DC}.Release|Any CPU.Build.0 = Release|Any CPU
		{DA84EC48-4FA4-48B0-B995-F09C9B1D078B}.Debug|Any CPU.ActiveCfg = Debug|Any CPU
		{DA84EC48-4FA4-48B0-B995-F09C9B1D078B}.Debug|Any CPU.Build.0 = Debug|Any CPU
		{DA84EC48-4FA4-48B0-B995-F09C9B1D078B}.Release|Any CPU.ActiveCfg = Release|Any CPU
		{DA84EC48-4FA4-48B0-B995-F09C9B1D078B}.Release|Any CPU.Build.0 = Release|Any CPU
		{53C3D2BE-1EB1-4832-9E9A-5CEA5C03F79D}.Debug|Any CPU.ActiveCfg = Debug|Any CPU
		{53C3D2BE-1EB1-4832-9E9A-5CEA5C03F79D}.Debug|Any CPU.Build.0 = Debug|Any CPU
		{53C3D2BE-1EB1-4832-9E9A-5CEA5C03F79D}.Release|Any CPU.ActiveCfg = Release|Any CPU
		{53C3D2BE-1EB1-4832-9E9A-5CEA5C03F79D}.Release|Any CPU.Build.0 = Release|Any CPU
	EndGlobalSection
	GlobalSection(SolutionProperties) = preSolution
		HideSolutionNode = FALSE
	EndGlobalSection
EndGlobal
